
Microsoft Visual Studio Solution File, Format Version 12.00
# Visual Studio Version 17
VisualStudioVersion = 17.8.34330.188
MinimumVisualStudioVersion = 10.0.40219.1
Project("{FAE04EC0-301F-11D3-BF4B-00C04F79EFBC}") = "DVLD Project", "DVLD Project\DVLD Project.csproj", "{C9B4183B-ED51-4B3D-8DEE-0A27617E1E9F}"
EndProject
Project("{FAE04EC0-301F-11D3-BF4B-00C04F79EFBC}") = "Business Layer1", "Business Layer1\Business Layer1.csproj", "{1FD49CE4-93E1-497F-9DED-02FAABEA80C5}"
EndProject
Project("{FAE04EC0-301F-11D3-BF4B-00C04F79EFBC}") = "DataBaseLayer", "DataBaseLayer\DataBaseLayer.csproj", "{DD8452E3-A986-4DEA-B548-732B7F40173D}"
EndProject
Global
	GlobalSection(SolutionConfigurationPlatforms) = preSolution
		Debug|Any CPU = Debug|Any CPU
		Release|Any CPU = Release|Any CPU
	EndGlobalSection
	GlobalSection(ProjectConfigurationPlatforms) = postSolution
		{C9B4183B-ED51-4B3D-8DEE-0A27617E1E9F}.Debug|Any CPU.ActiveCfg = Debug|Any CPU
		{C9B4183B-ED51-4B3D-8DEE-0A27617E1E9F}.Debug|Any CPU.Build.0 = Debug|Any CPU
		{C9B4183B-ED51-4B3D-8DEE-0A27617E1E9F}.Release|Any CPU.ActiveCfg = Release|Any CPU
		{C9B4183B-ED51-4B3D-8DEE-0A27617E1E9F}.Release|Any CPU.Build.0 = Release|Any CPU
		{1FD49CE4-93E1-497F-9DED-02FAABEA80C5}.Debug|Any CPU.ActiveCfg = Debug|Any CPU
		{1FD49CE4-93E1-497F-9DED-02FAABEA80C5}.Debug|Any CPU.Build.0 = Debug|Any CPU
		{1FD49CE4-93E1-497F-9DED-02FAABEA80C5}.Release|Any CPU.ActiveCfg = Release|Any CPU
		{1FD49CE4-93E1-497F-9DED-02FAABEA80C5}.Release|Any CPU.Build.0 = Release|Any CPU
		{DD8452E3-A986-4DEA-B548-732B7F40173D}.Debug|Any CPU.ActiveCfg = Debug|Any CPU
		{DD8452E3-A986-4DEA-B548-732B7F40173D}.Debug|Any CPU.Build.0 = Debug|Any CPU
		{DD8452E3-A986-4DEA-B548-732B7F40173D}.Release|Any CPU.ActiveCfg = Release|Any CPU
		{DD8452E3-A986-4DEA-B548-732B7F40173D}.Release|Any CPU.Build.0 = Release|Any CPU
	EndGlobalSection
	GlobalSection(SolutionProperties) = preSolution
		HideSolutionNode = FALSE
	EndGlobalSection
	GlobalSection(ExtensibilityGlobals) = postSolution
		SolutionGuid = {CAEE2365-0D82-42D3-B6D8-74EA173E7AE0}
	EndGlobalSection
EndGlobal
